// !$*UTF8*$!
{
	archiveVersion = 1;
	classes = {
	};
	objectVersion = 50;
	objects = {

/* Begin PBXBuildFile section */
		FFCA8A2123BA3C9F00E76FC2 /* AppDelegate.swift in Sources */ = {isa = PBXBuildFile; fileRef = FFCA8A2023BA3C9F00E76FC2 /* AppDelegate.swift */; };
		FFCA8A2323BA3C9F00E76FC2 /* SceneDelegate.swift in Sources */ = {isa = PBXBuildFile; fileRef = FFCA8A2223BA3C9F00E76FC2 /* SceneDelegate.swift */; };
		FFCA8A2523BA3C9F00E76FC2 /* ViewController.swift in Sources */ = {isa = PBXBuildFile; fileRef = FFCA8A2423BA3C9F00E76FC2 /* ViewController.swift */; };
		FFCA8A2823BA3C9F00E76FC2 /* Main.storyboard in Resources */ = {isa = PBXBuildFile; fileRef = FFCA8A2623BA3C9F00E76FC2 /* Main.storyboard */; };
		FFCA8A2A23BA3C9F00E76FC2 /* Assets.xcassets in Resources */ = {isa = PBXBuildFile; fileRef = FFCA8A2923BA3C9F00E76FC2 /* Assets.xcassets */; };
		FFCA8A2D23BA3C9F00E76FC2 /* LaunchScreen.storyboard in Resources */ = {isa = PBXBuildFile; fileRef = FFCA8A2B23BA3C9F00E76FC2 /* LaunchScreen.storyboard */; };
/* End PBXBuildFile section */

/* Begin PBXFileReference section */
		FFCA8A1D23BA3C9F00E76FC2 /* Form1.app */ = {isa = PBXFileReference; explicitFileType = wrapper.application; includeInIndex = 0; path = Form1.app; sourceTree = BUILT_PRODUCTS_DIR; };
		FFCA8A2023BA3C9F00E76FC2 /* AppDelegate.swift */ = {isa = PBXFileReference; lastKnownFileType = sourcecode.swift; path = AppDelegate.swift; sourceTree = "<group>"; };
		FFCA8A2223BA3C9F00E76FC2 /* SceneDelegate.swift */ = {isa = PBXFileReference; lastKnownFileType = sourcecode.swift; path = SceneDelegate.swift; sourceTree = "<group>"; };
		FFCA8A2423BA3C9F00E76FC2 /* ViewController.swift */ = {isa = PBXFileReference; lastKnownFileType = sourcecode.swift; path = ViewController.swift; sourceTree = "<group>"; };
		FFCA8A2723BA3C9F00E76FC2 /* Base */ = {isa = PBXFileReference; lastKnownFileType = file.storyboard; name = Base; path = Base.lproj/Main.storyboard; sourceTree = "<group>"; };
		FFCA8A2923BA3C9F00E76FC2 /* Assets.xcassets */ = {isa = PBXFileReference; lastKnownFileType = folder.assetcatalog; path = Assets.xcassets; sourceTree = "<group>"; };
		FFCA8A2C23BA3C9F00E76FC2 /* Base */ = {isa = PBXFileReference; lastKnownFileType = file.storyboard; name = Base; path = Base.lproj/LaunchScreen.storyboard; sourceTree = "<group>"; };
		FFCA8A2E23BA3C9F00E76FC2 /* Info.plist */ = {isa = PBXFileReference; lastKnownFileType = text.plist.xml; path = Info.plist; sourceTree = "<group>"; };
/* End PBXFileReference section */

/* Begin PBXFrameworksBuildPhase section */
		FFCA8A1A23BA3C9F00E76FC2 /* Frameworks */ = {
			isa = PBXFrameworksBuildPhase;
			buildActionMask = 2147483647;
			files = (
			);
			runOnlyForDeploymentPostprocessing = 0;
		};
/* End PBXFrameworksBuildPhase section */

/* Begin PBXGroup section */
		FFCA8A1423BA3C9F00E76FC2 = {
			isa = PBXGroup;
			children = (
				FFCA8A1F23BA3C9F00E76FC2 /* Form1 */,
				FFCA8A1E23BA3C9F00E76FC2 /* Products */,
			);
			sourceTree = "<group>";
		};
		FFCA8A1E23BA3C9F00E76FC2 /* Products */ = {
			isa = PBXGroup;
			children = (
				FFCA8A1D23BA3C9F00E76FC2 /* Form1.app */,
			);
			name = Products;
			sourceTree = "<group>";
		};
		FFCA8A1F23BA3C9F00E76FC2 /* Form1 */ = {
			isa = PBXGroup;
			children = (
				FFCA8A2023BA3C9F00E76FC2 /* AppDelegate.swift */,
				FFCA8A2223BA3C9F00E76FC2 /* SceneDelegate.swift */,
				FFCA8A2423BA3C9F00E76FC2 /* ViewController.swift */,
				FFCA8A2623BA3C9F00E76FC2 /* Main.storyboard */,
				FFCA8A2923BA3C9F00E76FC2 /* Assets.xcassets */,
				FFCA8A2B23BA3C9F00E76FC2 /* LaunchScreen.storyboard */,
				FFCA8A2E23BA3C9F00E76FC2 /* Info.plist */,
			);
			path = Form1;
			sourceTree = "<group>";
		};
/* End PBXGroup section */

/* Begin PBXNativeTarget section */
		FFCA8A1C23BA3C9F00E76FC2 /* Form1 */ = {
			isa = PBXNativeTarget;
			buildConfigurationList = FFCA8A3123BA3C9F00E76FC2 /* Build configuration list for PBXNativeTarget "Form1" */;
			buildPhases = (
				FFCA8A1923BA3C9F00E76FC2 /* Sources */,
				FFCA8A1A23BA3C9F00E76FC2 /* Frameworks */,
				FFCA8A1B23BA3C9F00E76FC2 /* Resources */,
			);
			buildRules = (
			);
			dependencies = (
			);
			name = Form1;
			productName = Form1;
			productReference = FFCA8A1D23BA3C9F00E76FC2 /* Form1.app */;
			productType = "com.apple.product-type.application";
		};
/* End PBXNativeTarget section */

/* Begin PBXProject section */
		FFCA8A1523BA3C9F00E76FC2 /* Project object */ = {
			isa = PBXProject;
			attributes = {
				LastSwiftUpdateCheck = 1130;
				LastUpgradeCheck = 1130;
				ORGANIZATIONNAME = "Melina Miranda";
				TargetAttributes = {
					FFCA8A1C23BA3C9F00E76FC2 = {
						CreatedOnToolsVersion = 11.3;
					};
				};
			};
			buildConfigurationList = FFCA8A1823BA3C9F00E76FC2 /* Build configuration list for PBXProject "Form1" */;
			compatibilityVersion = "Xcode 9.3";
			developmentRegion = en;
			hasScannedForEncodings = 0;
			knownRegions = (
				en,
				Base,
			);
			mainGroup = FFCA8A1423BA3C9F00E76FC2;
			productRefGroup = FFCA8A1E23BA3C9F00E76FC2 /* Products */;
			projectDirPath = "";
			projectRoot = "";
			targets = (
				FFCA8A1C23BA3C9F00E76FC2 /* Form1 */,
			);
		};
/* End PBXProject section */

/* Begin PBXResourcesBuildPhase section */
		FFCA8A1B23BA3C9F00E76FC2 /* Resources */ = {
			isa = PBXResourcesBuildPhase;
			buildActionMask = 2147483647;
			files = (
				FFCA8A2D23BA3C9F00E76FC2 /* LaunchScreen.storyboard in Resources */,
				FFCA8A2A23BA3C9F00E76FC2 /* Assets.xcassets in Resources */,
				FFCA8A2823BA3C9F00E76FC2 /* Main.storyboard in Resources */,
			);
			runOnlyForDeploymentPostprocessing = 0;
		};
/* End PBXResourcesBuildPhase section */

/* Begin PBXSourcesBuildPhase section */
		FFCA8A1923BA3C9F00E76FC2 /* Sources */ = {
			isa = PBXSourcesBuildPhase;
			buildActionMask = 2147483647;
			files = (
				FFCA8A2523BA3C9F00E76FC2 /* ViewController.swift in Sources */,
				FFCA8A2123BA3C9F00E76FC2 /* AppDelegate.swift in Sources */,
				FFCA8A2323BA3C9F00E76FC2 /* SceneDelegate.swift in Sources */,
			);
			runOnlyForDeploymentPostprocessing = 0;
		};
/* End PBXSourcesBuildPhase section */

/* Begin PBXVariantGroup section */
		FFCA8A2623BA3C9F00E76FC2 /* Main.storyboard */ = {
			isa = PBXVariantGroup;
			children = (
				FFCA8A2723BA3C9F00E76FC2 /* Base */,
			);
			name = Main.storyboard;
			sourceTree = "<group>";
		};
		FFCA8A2B23BA3C9F00E76FC2 /* LaunchScreen.storyboard */ = {
			isa = PBXVariantGroup;
			children = (
				FFCA8A2C23BA3C9F00E76FC2 /* Base */,
			);
			name = LaunchScreen.storyboard;
			sourceTree = "<group>";
		};
/* End PBXVariantGroup section */

/* Begin XCBuildConfiguration section */
		FFCA8A2F23BA3C9F00E76FC2 /* Debug */ = {
			isa = XCBuildConfiguration;
			buildSettings = {
				ALWAYS_SEARCH_USER_PATHS = NO;
				CLANG_ANALYZER_NONNULL = YES;
				CLANG_ANALYZER_NUMBER_OBJECT_CONVERSION = YES_AGGRESSIVE;
				CLANG_CXX_LANGUAGE_STANDARD = "gnu++14";
				CLANG_CXX_LIBRARY = "libc++";
				CLANG_ENABLE_MODULES = YES;
				CLANG_ENABLE_OBJC_ARC = YES;
				CLANG_ENABLE_OBJC_WEAK = YES;
				CLANG_WARN_BLOCK_CAPTURE_AUTORELEASING = YES;
				CLANG_WARN_BOOL_CONVERSION = YES;
				CLANG_WARN_COMMA = YES;
				CLANG_WARN_CONSTANT_CONVERSION = YES;
				CLANG_WARN_DEPRECATED_OBJC_IMPLEMENTATIONS = YES;
				CLANG_WARN_DIRECT_OBJC_ISA_USAGE = YES_ERROR;
				CLANG_WARN_DOCUMENTATION_COMMENTS = YES;
				CLANG_WARN_EMPTY_BODY = YES;
				CLANG_WARN_ENUM_CONVERSION = YES;
				CLANG_WARN_INFINITE_RECURSION = YES;
				CLANG_WARN_INT_CONVERSION = YES;
				CLANG_WARN_NON_LITERAL_NULL_CONVERSION = YES;
				CLANG_WARN_OBJC_IMPLICIT_RETAIN_SELF = YES;
				CLANG_WARN_OBJC_LITERAL_CONVERSION = YES;
				CLANG_WARN_OBJC_ROOT_CLASS = YES_ERROR;
				CLANG_WARN_RANGE_LOOP_ANALYSIS = YES;
				CLANG_WARN_STRICT_PROTOTYPES = YES;
				CLANG_WARN_SUSPICIOUS_MOVE = YES;
				CLANG_WARN_UNGUARDED_AVAILABILITY = YES_AGGRESSIVE;
				CLANG_WARN_UNREACHABLE_CODE = YES;
				CLANG_WARN__DUPLICATE_METHOD_MATCH = YES;
				COPY_PHASE_STRIP = NO;
				DEBUG_INFORMATION_FORMAT = dwarf;
				ENABLE_STRICT_OBJC_MSGSEND = YES;
				ENABLE_TESTABILITY = YES;
				GCC_C_LANGUAGE_STANDARD = gnu11;
				GCC_DYNAMIC_NO_PIC = NO;
				GCC_NO_COMMON_BLOCKS = YES;
				GCC_OPTIMIZATION_LEVEL = 0;
				GCC_PREPROCESSOR_DEFINITIONS = (
					"DEBUG=1",
					"$(inherited)",
				);
				GCC_WARN_64_TO_32_BIT_CONVERSION = YES;
				GCC_WARN_ABOUT_RETURN_TYPE = YES_ERROR;
				GCC_WARN_UNDECLARED_SELECTOR = YES;
				GCC_WARN_UNINITIALIZED_AUTOS = YES_AGGRESSIVE;
				GCC_WARN_UNUSED_FUNCTION = YES;
				GCC_WARN_UNUSED_VARIABLE = YES;
				IPHONEOS_DEPLOYMENT_TARGET = 13.2;
				MTL_ENABLE_DEBUG_INFO = INCLUDE_SOURCE;
				MTL_FAST_MATH = YES;
				ONLY_ACTIVE_ARCH = YES;
				SDKROOT = iphoneos;
				SWIFT_ACTIVE_COMPILATION_CONDITIONS = DEBUG;
				SWIFT_OPTIMIZATION_LEVEL = "-Onone";
			};
			name = Debug;
		};
		FFCA8A3023BA3C9F00E76FC2 /* Release */ = {
			isa = XCBuildConfiguration;
			buildSettings = {
				ALWAYS_SEARCH_USER_PATHS = NO;
				CLANG_ANALYZER_NONNULL = YES;
				CLANG_ANALYZER_NUMBER_OBJECT_CONVERSION = YES_AGGRESSIVE;
				CLANG_CXX_LANGUAGE_STANDARD = "gnu++14";
				CLANG_CXX_LIBRARY = "libc++";
				CLANG_ENABLE_MODULES = YES;
				CLANG_ENABLE_OBJC_ARC = YES;
				CLANG_ENABLE_OBJC_WEAK = YES;
				CLANG_WARN_BLOCK_CAPTURE_AUTORELEASING = YES;
				CLANG_WARN_BOOL_CONVERSION = YES;
				CLANG_WARN_COMMA = YES;
				CLANG_WARN_CONSTANT_CONVERSION = YES;
				CLANG_WARN_DEPRECATED_OBJC_IMPLEMENTATIONS = YES;
				CLANG_WARN_DIRECT_OBJC_ISA_USAGE = YES_ERROR;
				CLANG_WARN_DOCUMENTATION_COMMENTS = YES;
				CLANG_WARN_EMPTY_BODY = YES;
				CLANG_WARN_ENUM_CONVERSION = YES;
				CLANG_WARN_INFINITE_RECURSION = YES;
				CLANG_WARN_INT_CONVERSION = YES;
				CLANG_WARN_NON_LITERAL_NULL_CONVERSION = YES;
				CLANG_WARN_OBJC_IMPLICIT_RETAIN_SELF = YES;
				CLANG_WARN_OBJC_LITERAL_CONVERSION = YES;
				CLANG_WARN_OBJC_ROOT_CLASS = YES_ERROR;
				CLANG_WARN_RANGE_LOOP_ANALYSIS = YES;
				CLANG_WARN_STRICT_PROTOTYPES = YES;
				CLANG_WARN_SUSPICIOUS_MOVE = YES;
				CLANG_WARN_UNGUARDED_AVAILABILITY = YES_AGGRESSIVE;
				CLANG_WARN_UNREACHABLE_CODE = YES;
				CLANG_WARN__DUPLICATE_METHOD_MATCH = YES;
				COPY_PHASE_STRIP = NO;
				DEBUG_INFORMATION_FORMAT = "dwarf-with-dsym";
				ENABLE_NS_ASSERTIONS = NO;
				ENABLE_STRICT_OBJC_MSGSEND = YES;
				GCC_C_LANGUAGE_STANDARD = gnu11;
				GCC_NO_COMMON_BLOCKS = YES;
				GCC_WARN_64_TO_32_BIT_CONVERSION = YES;
				GCC_WARN_ABOUT_RETURN_TYPE = YES_ERROR;
				GCC_WARN_UNDECLARED_SELECTOR = YES;
				GCC_WARN_UNINITIALIZED_AUTOS = YES_AGGRESSIVE;
				GCC_WARN_UNUSED_FUNCTION = YES;
				GCC_WARN_UNUSED_VARIABLE = YES;
				IPHONEOS_DEPLOYMENT_TARGET = 13.2;
				MTL_ENABLE_DEBUG_INFO = NO;
				MTL_FAST_MATH = YES;
				SDKROOT = iphoneos;
				SWIFT_COMPILATION_MODE = wholemodule;
				SWIFT_OPTIMIZATION_LEVEL = "-O";
				VALIDATE_PRODUCT = YES;
			};
			name = Release;
		};
		FFCA8A3223BA3C9F00E76FC2 /* Debug */ = {
			isa = XCBuildConfiguration;
			buildSettings = {
				ASSETCATALOG_COMPILER_APPICON_NAME = AppIcon;
				CODE_SIGN_STYLE = Automatic;
				INFOPLIST_FILE = Form1/Info.plist;
				LD_RUNPATH_SEARCH_PATHS = (
					"$(inherited)",
					"@executable_path/Frameworks",
				);
				PRODUCT_BUNDLE_IDENTIFIER = YOP.Form1;
				PRODUCT_NAME = "$(TARGET_NAME)";
				SWIFT_VERSION = 5.0;
				TARGETED_DEVICE_FAMILY = "1,2";
			};
			name = Debug;
		};
		FFCA8A3323BA3C9F00E76FC2 /* Release */ = {
			isa = XCBuildConfiguration;
			buildSettings = {
				ASSETCATALOG_COMPILER_APPICON_NAME = AppIcon;
				CODE_SIGN_STYLE = Automatic;
				INFOPLIST_FILE = Form1/Info.plist;
				LD_RUNPATH_SEARCH_PATHS = (
					"$(inherited)",
					"@executable_path/Frameworks",
				);
				PRODUCT_BUNDLE_IDENTIFIER = YOP.Form1;
				PRODUCT_NAME = "$(TARGET_NAME)";
				SWIFT_VERSION = 5.0;
				TARGETED_DEVICE_FAMILY = "1,2";
			};
			name = Release;
		};
/* End XCBuildConfiguration section */

/* Begin XCConfigurationList section */
		FFCA8A1823BA3C9F00E76FC2 /* Build configuration list for PBXProject "Form1" */ = {
			isa = XCConfigurationList;
			buildConfigurations = (
				FFCA8A2F23BA3C9F00E76FC2 /* Debug */,
				FFCA8A3023BA3C9F00E76FC2 /* Release */,
			);
			defaultConfigurationIsVisible = 0;
			defaultConfigurationName = Release;
		};
		FFCA8A3123BA3C9F00E76FC2 /* Build configuration list for PBXNativeTarget "Form1" */ = {
			isa = XCConfigurationList;
			buildConfigurations = (
				FFCA8A3223BA3C9F00E76FC2 /* Debug */,
				FFCA8A3323BA3C9F00E76FC2 /* Release */,
			);
			defaultConfigurationIsVisible = 0;
			defaultConfigurationName = Release;
		};
/* End XCConfigurationList section */
	};
	rootObject = FFCA8A1523BA3C9F00E76FC2 /* Project object */;
}
